
Microsoft Visual Studio Solution File, Format Version 12.00
# Visual Studio 14
VisualStudioVersion = 14.0.25123.0
MinimumVisualStudioVersion = 10.0.40219.1
Project("{00D1A9C2-B5F0-4AF3-8072-F6C62B433612}") = "DynamicsCRM", "DynamicsCRM\DynamicsCRM.sqlproj", "{6C3F2E34-9D80-4956-B934-A74AC85C4340}"
EndProject
Project("{00D1A9C2-B5F0-4AF3-8072-F6C62B433612}") = "Salesforce", "Salesforce\Salesforce.sqlproj", "{AF820BB9-D37A-449D-8B84-11798916E255}"
EndProject
Project("{6870E480-7721-4708-BFB8-9AE898AA21B3}") = "SalesManagementTabularModel", "SalesManagementTabularModel\SalesManagementTabularModel.smproj", "{8CE414BB-95B2-4C99-9E03-51BA72086E22}"
EndProject
Project("{2150E333-8FDC-42A3-9474-1A3956D46DE8}") = "Solution Items", "Solution Items", "{B722AC57-D458-4CB4-BDD2-63C2DC5421E8}"
	ProjectSection(SolutionItems) = preProject
		..\..\Reports\SalesManagementReport.pbix = ..\..\Reports\SalesManagementReport.pbix
	EndProjectSection
EndProject
Project("{FAE04EC0-301F-11D3-BF4B-00C04F79EFBC}") = "Build", "Build\Build.csproj", "{88046336-6F77-47EA-B901-117F3D903C44}"
EndProject
Project("{2150E333-8FDC-42A3-9474-1A3956D46DE8}") = "BuildDeploy", "BuildDeploy", "{258F5097-6909-486D-A96E-FDE000DBF285}"
EndProject
Project("{00D1A9C2-B5F0-4AF3-8072-F6C62B433612}") = "DynamicsGP", "DynamicsGP\DynamicsGP.sqlproj", "{0012D37E-C221-46AA-B1FE-17AF46634EF3}"
EndProject
Project("{00D1A9C2-B5F0-4AF3-8072-F6C62B433612}") = "DynamicsNAV", "DynamicsNAV\DynamicsNAV.sqlproj", "{285A7B91-FD8F-40FB-A8F0-73E37FC3041B}"
EndProject
Global
	GlobalSection(SolutionConfigurationPlatforms) = preSolution
		Debug|Any CPU = Debug|Any CPU
		Debug|x86 = Debug|x86
		Release|Any CPU = Release|Any CPU
		Release|x86 = Release|x86
		Sample|Any CPU = Sample|Any CPU
		Sample|x86 = Sample|x86
	EndGlobalSection
	GlobalSection(ProjectConfigurationPlatforms) = postSolution
		{6C3F2E34-9D80-4956-B934-A74AC85C4340}.Debug|Any CPU.ActiveCfg = Debug|Any CPU
		{6C3F2E34-9D80-4956-B934-A74AC85C4340}.Debug|Any CPU.Build.0 = Debug|Any CPU
		{6C3F2E34-9D80-4956-B934-A74AC85C4340}.Debug|x86.ActiveCfg = Debug|Any CPU
		{6C3F2E34-9D80-4956-B934-A74AC85C4340}.Debug|x86.Build.0 = Debug|Any CPU
		{6C3F2E34-9D80-4956-B934-A74AC85C4340}.Debug|x86.Deploy.0 = Debug|Any CPU
		{6C3F2E34-9D80-4956-B934-A74AC85C4340}.Release|Any CPU.ActiveCfg = Release|Any CPU
		{6C3F2E34-9D80-4956-B934-A74AC85C4340}.Release|Any CPU.Build.0 = Release|Any CPU
		{6C3F2E34-9D80-4956-B934-A74AC85C4340}.Release|x86.ActiveCfg = Release|Any CPU
		{6C3F2E34-9D80-4956-B934-A74AC85C4340}.Release|x86.Build.0 = Release|Any CPU
		{6C3F2E34-9D80-4956-B934-A74AC85C4340}.Release|x86.Deploy.0 = Release|Any CPU
		{6C3F2E34-9D80-4956-B934-A74AC85C4340}.Sample|Any CPU.ActiveCfg = Sample|Any CPU
		{6C3F2E34-9D80-4956-B934-A74AC85C4340}.Sample|Any CPU.Build.0 = Sample|Any CPU
		{6C3F2E34-9D80-4956-B934-A74AC85C4340}.Sample|x86.ActiveCfg = Sample|Any CPU
		{6C3F2E34-9D80-4956-B934-A74AC85C4340}.Sample|x86.Build.0 = Sample|Any CPU
		{6C3F2E34-9D80-4956-B934-A74AC85C4340}.Sample|x86.Deploy.0 = Sample|Any CPU
		{AF820BB9-D37A-449D-8B84-11798916E255}.Debug|Any CPU.ActiveCfg = Debug|Any CPU
		{AF820BB9-D37A-449D-8B84-11798916E255}.Debug|Any CPU.Build.0 = Debug|Any CPU
		{AF820BB9-D37A-449D-8B84-11798916E255}.Debug|x86.ActiveCfg = Debug|Any CPU
		{AF820BB9-D37A-449D-8B84-11798916E255}.Debug|x86.Build.0 = Debug|Any CPU
		{AF820BB9-D37A-449D-8B84-11798916E255}.Debug|x86.Deploy.0 = Debug|Any CPU
		{AF820BB9-D37A-449D-8B84-11798916E255}.Release|Any CPU.ActiveCfg = Release|Any CPU
		{AF820BB9-D37A-449D-8B84-11798916E255}.Release|Any CPU.Build.0 = Release|Any CPU
		{AF820BB9-D37A-449D-8B84-11798916E255}.Release|x86.ActiveCfg = Release|Any CPU
		{AF820BB9-D37A-449D-8B84-11798916E255}.Release|x86.Build.0 = Release|Any CPU
		{AF820BB9-D37A-449D-8B84-11798916E255}.Release|x86.Deploy.0 = Release|Any CPU
		{AF820BB9-D37A-449D-8B84-11798916E255}.Sample|Any CPU.ActiveCfg = Sample|Any CPU
		{AF820BB9-D37A-449D-8B84-11798916E255}.Sample|Any CPU.Build.0 = Sample|Any CPU
		{AF820BB9-D37A-449D-8B84-11798916E255}.Sample|x86.ActiveCfg = Sample|Any CPU
		{AF820BB9-D37A-449D-8B84-11798916E255}.Sample|x86.Build.0 = Sample|Any CPU
		{AF820BB9-D37A-449D-8B84-11798916E255}.Sample|x86.Deploy.0 = Sample|Any CPU
		{8CE414BB-95B2-4C99-9E03-51BA72086E22}.Debug|Any CPU.ActiveCfg = Debug|x86
		{8CE414BB-95B2-4C99-9E03-51BA72086E22}.Debug|Any CPU.Build.0 = Debug|x86
		{8CE414BB-95B2-4C99-9E03-51BA72086E22}.Debug|x86.ActiveCfg = Debug|x86
		{8CE414BB-95B2-4C99-9E03-51BA72086E22}.Debug|x86.Build.0 = Debug|x86
		{8CE414BB-95B2-4C99-9E03-51BA72086E22}.Debug|x86.Deploy.0 = Debug|x86
		{8CE414BB-95B2-4C99-9E03-51BA72086E22}.Release|Any CPU.ActiveCfg = Release|x86
		{8CE414BB-95B2-4C99-9E03-51BA72086E22}.Release|Any CPU.Build.0 = Release|x86
		{8CE414BB-95B2-4C99-9E03-51BA72086E22}.Release|x86.ActiveCfg = Release|x86
		{8CE414BB-95B2-4C99-9E03-51BA72086E22}.Release|x86.Build.0 = Release|x86
		{8CE414BB-95B2-4C99-9E03-51BA72086E22}.Release|x86.Deploy.0 = Release|x86
		{8CE414BB-95B2-4C99-9E03-51BA72086E22}.Sample|Any CPU.ActiveCfg = Sample|x86
		{8CE414BB-95B2-4C99-9E03-51BA72086E22}.Sample|Any CPU.Build.0 = Sample|x86
		{8CE414BB-95B2-4C99-9E03-51BA72086E22}.Sample|x86.ActiveCfg = Sample|x86
		{8CE414BB-95B2-4C99-9E03-51BA72086E22}.Sample|x86.Build.0 = Sample|x86
		{8CE414BB-95B2-4C99-9E03-51BA72086E22}.Sample|x86.Deploy.0 = Sample|x86
		{88046336-6F77-47EA-B901-117F3D903C44}.Debug|Any CPU.ActiveCfg = Debug|Any CPU
		{88046336-6F77-47EA-B901-117F3D903C44}.Debug|Any CPU.Build.0 = Debug|Any CPU
		{88046336-6F77-47EA-B901-117F3D903C44}.Debug|x86.ActiveCfg = Debug|Any CPU
		{88046336-6F77-47EA-B901-117F3D903C44}.Debug|x86.Build.0 = Debug|Any CPU
		{88046336-6F77-47EA-B901-117F3D903C44}.Release|Any CPU.ActiveCfg = Release|Any CPU
		{88046336-6F77-47EA-B901-117F3D903C44}.Release|Any CPU.Build.0 = Release|Any CPU
		{88046336-6F77-47EA-B901-117F3D903C44}.Release|x86.ActiveCfg = Release|Any CPU
		{88046336-6F77-47EA-B901-117F3D903C44}.Release|x86.Build.0 = Release|Any CPU
		{88046336-6F77-47EA-B901-117F3D903C44}.Sample|Any CPU.ActiveCfg = Sample|Any CPU
		{88046336-6F77-47EA-B901-117F3D903C44}.Sample|Any CPU.Build.0 = Sample|Any CPU
		{88046336-6F77-47EA-B901-117F3D903C44}.Sample|x86.ActiveCfg = Release|Any CPU
		{88046336-6F77-47EA-B901-117F3D903C44}.Sample|x86.Build.0 = Release|Any CPU
		{0012D37E-C221-46AA-B1FE-17AF46634EF3}.Debug|Any CPU.ActiveCfg = Debug|Any CPU
		{0012D37E-C221-46AA-B1FE-17AF46634EF3}.Debug|Any CPU.Build.0 = Debug|Any CPU
		{0012D37E-C221-46AA-B1FE-17AF46634EF3}.Debug|Any CPU.Deploy.0 = Debug|Any CPU
		{0012D37E-C221-46AA-B1FE-17AF46634EF3}.Debug|x86.ActiveCfg = Debug|Any CPU
		{0012D37E-C221-46AA-B1FE-17AF46634EF3}.Debug|x86.Build.0 = Debug|Any CPU
		{0012D37E-C221-46AA-B1FE-17AF46634EF3}.Debug|x86.Deploy.0 = Debug|Any CPU
		{0012D37E-C221-46AA-B1FE-17AF46634EF3}.Release|Any CPU.ActiveCfg = Release|Any CPU
		{0012D37E-C221-46AA-B1FE-17AF46634EF3}.Release|Any CPU.Build.0 = Release|Any CPU
		{0012D37E-C221-46AA-B1FE-17AF46634EF3}.Release|Any CPU.Deploy.0 = Release|Any CPU
		{0012D37E-C221-46AA-B1FE-17AF46634EF3}.Release|x86.ActiveCfg = Release|Any CPU
		{0012D37E-C221-46AA-B1FE-17AF46634EF3}.Release|x86.Build.0 = Release|Any CPU
		{0012D37E-C221-46AA-B1FE-17AF46634EF3}.Release|x86.Deploy.0 = Release|Any CPU
		{0012D37E-C221-46AA-B1FE-17AF46634EF3}.Sample|Any CPU.ActiveCfg = Debug|Any CPU
		{0012D37E-C221-46AA-B1FE-17AF46634EF3}.Sample|Any CPU.Build.0 = Debug|Any CPU
		{0012D37E-C221-46AA-B1FE-17AF46634EF3}.Sample|Any CPU.Deploy.0 = Debug|Any CPU
		{0012D37E-C221-46AA-B1FE-17AF46634EF3}.Sample|x86.ActiveCfg = Debug|Any CPU
		{0012D37E-C221-46AA-B1FE-17AF46634EF3}.Sample|x86.Build.0 = Debug|Any CPU
		{0012D37E-C221-46AA-B1FE-17AF46634EF3}.Sample|x86.Deploy.0 = Debug|Any CPU
		{285A7B91-FD8F-40FB-A8F0-73E37FC3041B}.Debug|Any CPU.ActiveCfg = Debug|Any CPU
		{285A7B91-FD8F-40FB-A8F0-73E37FC3041B}.Debug|Any CPU.Build.0 = Debug|Any CPU
		{285A7B91-FD8F-40FB-A8F0-73E37FC3041B}.Debug|Any CPU.Deploy.0 = Debug|Any CPU
		{285A7B91-FD8F-40FB-A8F0-73E37FC3041B}.Debug|x86.ActiveCfg = Debug|Any CPU
		{285A7B91-FD8F-40FB-A8F0-73E37FC3041B}.Debug|x86.Build.0 = Debug|Any CPU
		{285A7B91-FD8F-40FB-A8F0-73E37FC3041B}.Debug|x86.Deploy.0 = Debug|Any CPU
		{285A7B91-FD8F-40FB-A8F0-73E37FC3041B}.Release|Any CPU.ActiveCfg = Release|Any CPU
		{285A7B91-FD8F-40FB-A8F0-73E37FC3041B}.Release|Any CPU.Build.0 = Release|Any CPU
		{285A7B91-FD8F-40FB-A8F0-73E37FC3041B}.Release|Any CPU.Deploy.0 = Release|Any CPU
		{285A7B91-FD8F-40FB-A8F0-73E37FC3041B}.Release|x86.ActiveCfg = Release|Any CPU
		{285A7B91-FD8F-40FB-A8F0-73E37FC3041B}.Release|x86.Build.0 = Release|Any CPU
		{285A7B91-FD8F-40FB-A8F0-73E37FC3041B}.Release|x86.Deploy.0 = Release|Any CPU
		{285A7B91-FD8F-40FB-A8F0-73E37FC3041B}.Sample|Any CPU.ActiveCfg = Debug|Any CPU
		{285A7B91-FD8F-40FB-A8F0-73E37FC3041B}.Sample|Any CPU.Build.0 = Debug|Any CPU
		{285A7B91-FD8F-40FB-A8F0-73E37FC3041B}.Sample|Any CPU.Deploy.0 = Debug|Any CPU
		{285A7B91-FD8F-40FB-A8F0-73E37FC3041B}.Sample|x86.ActiveCfg = Debug|Any CPU
		{285A7B91-FD8F-40FB-A8F0-73E37FC3041B}.Sample|x86.Build.0 = Debug|Any CPU
		{285A7B91-FD8F-40FB-A8F0-73E37FC3041B}.Sample|x86.Deploy.0 = Debug|Any CPU
	EndGlobalSection
	GlobalSection(SolutionProperties) = preSolution
		HideSolutionNode = FALSE
	EndGlobalSection
	GlobalSection(NestedProjects) = preSolution
		{88046336-6F77-47EA-B901-117F3D903C44} = {258F5097-6909-486D-A96E-FDE000DBF285}
	EndGlobalSection
EndGlobal
